Microsoft Visual Studio Solution File, Format Version 11.00
# Visual Studio 2017

Project("{8BC9CEB8-8B4A-11D0-8D11-00A0C91BC942}") = "PajFFTproject - App", "PajFFTproject_App.vcxproj", "{6F94D6D1-1849-223F-3890-79F7FA37487D}"
EndProject
Global
	GlobalSection(SolutionConfigurationPlatforms) = preSolution
		Debug|x64 = Debug|x64
		Release|x64 = Release|x64
	EndGlobalSection
	GlobalSection(ProjectConfigurationPlatforms) = postSolution
		{6F94D6D1-1849-223F-3890-79F7FA37487D}.Debug|x64.ActiveCfg = Debug|x64
		{6F94D6D1-1849-223F-3890-79F7FA37487D}.Debug|x64.Build.0 = Debug|x64
		{6F94D6D1-1849-223F-3890-79F7FA37487D}.Release|x64.ActiveCfg = Release|x64
		{6F94D6D1-1849-223F-3890-79F7FA37487D}.Release|x64.Build.0 = Release|x64
	EndGlobalSection
	GlobalSection(SolutionProperties) = preSolution
		HideSolutionNode = FALSE
	EndGlobalSection
EndGlobal
