// !$*UTF8*$!
{
	archiveVersion = 1;
	classes = {
	};
	objectVersion = 46;
	objects = {

		594792AB99B7FAD930E977FA = {isa = PBXBuildFile; fileRef = D7041F9E0CDB22397A508858; };
		DCC32726CF4165AEE26C58FE = {isa = PBXBuildFile; fileRef = AC0DC0DE7DB5DC652B4110C7; };
		CBB3573C7BDF20DAA35437C7 = {isa = PBXBuildFile; fileRef = 31C2A174AAF8F661AFCA14C6; };
		DBDD4171575E4AE56B6AFCBC = {isa = PBXBuildFile; fileRef = AEC295D2CCBE1EA8B2D67F03; };
		285B08F72A6D18B8230B5FE1 = {isa = PBXBuildFile; fileRef = A2D1DC0C4B3A85328B82112B; };
		DA9584CAC4107DCFD311EC9E = {isa = PBXBuildFile; fileRef = 7897B0BE473F85E62AFADA67; };
		43563E032CC1DB617BB06AAB = {isa = PBXBuildFile; fileRef = 699F1C4FA95E2BBF7F4D0C9E; };
		40E503E2BDAC295A4FA5A7C4 = {isa = PBXBuildFile; fileRef = E8B7E067F3139BA6A944C39B; };
		9458BC46FCB7A6C96BB7244D = {isa = PBXBuildFile; fileRef = 057AE10A3740053AD4180025; };
		62DCF32C7E7C7B9C5C70813C = {isa = PBXBuildFile; fileRef = 269EA3CC7029D13D5AEB2978; };
		5C6B428519C8BBFED707D0BC = {isa = PBXBuildFile; fileRef = D2F0AC93088C6BB4358C5C30; };
		E883C4D8CA532784BACF6578 = {isa = PBXBuildFile; fileRef = 3232025C5E12A4EA3283D0CF; };
		4AC07BAB050741BF0A714B6F = {isa = PBXBuildFile; fileRef = C8097AE35C36F5709D3FC35F; };
		DA3AB3F31CC6B72D772AF45D = {isa = PBXBuildFile; fileRef = 6CFE066841CDF361F40023A0; };
		40A25922FA5DD364342BFFFF = {isa = PBXBuildFile; fileRef = 7ACE11A629285E8E3F3F4CD7; };
		D1A3E6BA76DDF3E6E9B307B6 = {isa = PBXBuildFile; fileRef = 597B34D8A400F75FDC1DBA96; };
		AA7CFF300AED99DFBFEBB2B3 = {isa = PBXBuildFile; fileRef = E7D4B24E3C473FA4F9E3012B; };
		D6CB5B446291C4864B4F68BD = {isa = PBXBuildFile; fileRef = 1AE5F1957800972115447787; };
		E3E686E6AED3E1229F5A017C = {isa = PBXBuildFile; fileRef = 842015D6348DF421D38DB064; };
		E13CEC1048837E3532B04E1E = {isa = PBXBuildFile; fileRef = C0AAEA98EBFF335C2488FA3A; };
		1C4B9F76E2A0085D3B571869 = {isa = PBXBuildFile; fileRef = 02E96FA25D442C6C6C0C165C; };
		6B92C1049DDA8C40D918A5A8 = {isa = PBXBuildFile; fileRef = 97D0647E425D80F311DB0FF8; };
		1E38AA3346F3E7DE5CA9FF3B = {isa = PBXBuildFile; fileRef = E7B4B9B2178858069315C4EC; };
		44F47A6D8AD27F2061585CFE = {isa = PBXBuildFile; fileRef = AAE6F79B2A6353A8FCFD19D0; };
		E190EEEA34B97E179770C642 = {isa = PBXBuildFile; fileRef = AC6D08440E5AA0605DCF3263; };
		A86CB56F670DE1090DF2D530 = {isa = PBXBuildFile; fileRef = 585F7FDB2BD2535E1863DC67; };
		036C34C62CC96B082C6B7001 = {isa = PBXBuildFile; fileRef = 1B6E0801CAF1D00FD3C230EC; };
		A69FE104265D66E876C3A3E4 = {isa = PBXBuildFile; fileRef = A61E8E4A9AAC7E8378D2C5DE; };
		631E8BEB0B81C13958464EB5 = {isa = PBXBuildFile; fileRef = 91F2A19DADF74262BA4834B9; };
		1CE314EAD4206C669D36463A = {isa = PBXBuildFile; fileRef = 6A5644C33E73525BD5A4E54D; };
		E8A0914755147AA833B295CB = {isa = PBXBuildFile; fileRef = 6D081D876D3526710E249061; };
		D9993EC2D445D00FDB5F3D42 = {isa = PBXBuildFile; fileRef = B90DFA114A62E1C89AA9F5EB; };
		BBD6AAC89F79054615D496AD = {isa = PBXBuildFile; fileRef = 973124231563C25B9DE04F4E; };
		D2EE5090F4EC45183ADC918C = {isa = PBXBuildFile; fileRef = 1B7FD1D37A205CBBB226FC74; };
		68D1E318EE81FBC38DA0035E = {isa = PBXBuildFile; fileRef = A4CDC4816EE3B808CC81875E; };
		EEF25C40AC0D5422F4B93DA1 = {isa = PBXBuildFile; fileRef = 17EF80DAE02A97C549E2E63C; };
		3D34794985593D7DA53CB31D = {isa = PBXBuildFile; fileRef = 77E8D88518547FBD8CE99EEE; };
		1F31F519160631E9D391AB52 = {isa = PBXBuildFile; fileRef = C067867018CE46454AD23569; };
		272DCFA7F57A4FA1B6766641 = {isa = PBXBuildFile; fileRef = 32FDAE8049881EBCD5FA3EAA; };
		074FD93632F17A42383D9D39 = {isa = PBXBuildFile; fileRef = B1087990B0930FE9286E5F3F; };
		B40055468E72B9F737AFA489 = {isa = PBXBuildFile; fileRef = A264711078D0E83D7F687549; };
		7E6B13D543ED3C9DA8E16417 = {isa = PBXBuildFile; fileRef = E58231C933D15AA40B924922; };
		51E16648A88A475A7DD8CBCE = {isa = PBXBuildFile; fileRef = 8A8B091164E1C23241B819D5; };
		B5AACF594BB2B901CA2680CC = {isa = PBXBuildFile; fileRef = 2B6486BA7A382999FE4DF45E; };
		087A2984A5151302215AB920 = {isa = PBXBuildFile; fileRef = DC14102204CEEF14EF7F12D9; };
		4F1072F98B5B4E34DD2000E1 = {isa = PBXBuildFile; fileRef = 0D0DF06A432081E847592F2F; };
		27314EA232B7C59EABE669BB = {isa = PBXBuildFile; fileRef = AC951C02ADBB07451CBC13C6; };
		C0A25FCE80834BF1B8D01DCF = {isa = PBXBuildFile; fileRef = 6F0090B6B2CB955A2DE6EA8F; };
		02E96FA25D442C6C6C0C165C = {isa = PBXFileReference; lastKnownFileType = sourcecode.cpp.cpp; name = "PajFFT_MixedRadix.cpp"; path = "../../Source/PajFFT/PajFFT_MixedRadix.cpp"; sourceTree = "SOURCE_ROOT"; };
		057AE10A3740053AD4180025 = {isa = PBXFileReference; lastKnownFileType = wrapper.framework; name = CoreImage.framework; path = System/Library/Frameworks/CoreImage.framework; sourceTree = SDKROOT; };
		07915EB04734A036228251F7 = {isa = PBXFileReference; lastKnownFileType = sourcecode.c.h; name = OscInterface.h; path = ../../Source/OscInterface.h; sourceTree = "SOURCE_ROOT"; };
		0D0DF06A432081E847592F2F = {isa = PBXFileReference; lastKnownFileType = sourcecode.cpp.objcpp; name = "include_juce_gui_extra.mm"; path = "../../JuceLibraryCode/include_juce_gui_extra.mm"; sourceTree = "SOURCE_ROOT"; };
		0D44411A9C3A0CE3A676ADD4 = {isa = PBXFileReference; lastKnownFileType = sourcecode.c.h; name = "PajFFT_MixedRadix.h"; path = "../../Source/PajFFT/PajFFT_MixedRadix.h"; sourceTree = "SOURCE_ROOT"; };
		0D73B72973D77E34608C1DAE = {isa = PBXFileReference; lastKnownFileType = sourcecode.c.h; name = "Display_Linear.h"; path = "../../Source/Display_Linear.h"; sourceTree = "SOURCE_ROOT"; };
		0FBC5EBF14293C9DEE8D8644 = {isa = PBXFileReference; lastKnownFileType = sourcecode.c.h; name = "PajFFT_Radix2.h"; path = "../../Source/PajFFT/PajFFT_Radix2.h"; sourceTree = "SOURCE_ROOT"; };
		17E4A87AFA535F15A08D605A = {isa = PBXFileReference; lastKnownFileType = file; name = "juce_audio_basics"; path = "../../JuceLibraryCode/modules/juce_audio_basics"; sourceTree = "SOURCE_ROOT"; };
		17EF80DAE02A97C549E2E63C = {isa = PBXFileReference; lastKnownFileType = sourcecode.cpp.objcpp; name = "include_juce_audio_devices.mm"; path = "../../JuceLibraryCode/include_juce_audio_devices.mm"; sourceTree = "SOURCE_ROOT"; };
		1AE5F1957800972115447787 = {isa = PBXFileReference; lastKnownFileType = folder.assetcatalog; name = Images.xcassets; path = PajFFTproject/Images.xcassets; sourceTree = "SOURCE_ROOT"; };
		1B611BAC559E41910E6A7303 = {isa = PBXFileReference; lastKnownFileType = file; name = "juce_audio_processors"; path = "../../JuceLibraryCode/modules/juce_audio_processors"; sourceTree = "SOURCE_ROOT"; };
		1B6E0801CAF1D00FD3C230EC = {isa = PBXFileReference; lastKnownFileType = sourcecode.cpp.cpp; name = OscInterface.cpp; path = ../../Source/OscInterface.cpp; sourceTree = "SOURCE_ROOT"; };
		1B7FD1D37A205CBBB226FC74 = {isa = PBXFileReference; lastKnownFileType = sourcecode.cpp.cpp; name = Clock.cpp; path = ../../Source/Clock.cpp; sourceTree = "SOURCE_ROOT"; };
		269EA3CC7029D13D5AEB2978 = {isa = PBXFileReference; lastKnownFileType = wrapper.framework; name = CoreMedia.framework; path = System/Library/Frameworks/CoreMedia.framework; sourceTree = SDKROOT; };
		28047876E8EE64CB44E35B63 = {isa = PBXFileReference; lastKnownFileType = file; name = "juce_data_structures"; path = "../../JuceLibraryCode/modules/juce_data_structures"; sourceTree = "SOURCE_ROOT"; };
		2B6486BA7A382999FE4DF45E = {isa = PBXFileReference; lastKnownFileType = sourcecode.cpp.objcpp; name = "include_juce_graphics.mm"; path = "../../JuceLibraryCode/include_juce_graphics.mm"; sourceTree = "SOURCE_ROOT"; };
		2DFCDE284899D87A8FE10982 = {isa = PBXFileReference; lastKnownFileType = sourcecode.c.h; name = AudioPlayer.h; path = ../../Source/AudioPlayer.h; sourceTree = "SOURCE_ROOT"; };
		31C2A174AAF8F661AFCA14C6 = {isa = PBXFileReference; lastKnownFileType = wrapper.framework; name = AudioToolbox.framework; path = System/Library/Frameworks/AudioToolbox.framework; sourceTree = SDKROOT; };
		3232025C5E12A4EA3283D0CF = {isa = PBXFileReference; lastKnownFileType = wrapper.framework; name = CoreText.framework; path = System/Library/Frameworks/CoreText.framework; sourceTree = SDKROOT; };
		32FDAE8049881EBCD5FA3EAA = {isa = PBXFileReference; lastKnownFileType = sourcecode.cpp.objcpp; name = "include_juce_audio_utils.mm"; path = "../../JuceLibraryCode/include_juce_audio_utils.mm"; sourceTree = "SOURCE_ROOT"; };
		330010D9760EA30709F4FA4C = {isa = PBXFileReference; lastKnownFileType = file; name = "juce_video"; path = "../../JuceLibraryCode/modules/juce_video"; sourceTree = "SOURCE_ROOT"; };
		3664D410FD809A8B7088C87A = {isa = PBXFileReference; lastKnownFileType = file; name = "juce_core"; path = "../../JuceLibraryCode/modules/juce_core"; sourceTree = "SOURCE_ROOT"; };
		3749D99CCF71CE0C9A099B46 = {isa = PBXFileReference; lastKnownFileType = sourcecode.c.h; name = "Display_Logarithmic.h"; path = "../../Source/Display_Logarithmic.h"; sourceTree = "SOURCE_ROOT"; };
		52E60183773732665A08609B = {isa = PBXFileReference; lastKnownFileType = file; name = "juce_events"; path = "../../JuceLibraryCode/modules/juce_events"; sourceTree = "SOURCE_ROOT"; };
		537305F41243DE1E94DBCF3D = {isa = PBXFileReference; lastKnownFileType = sourcecode.c.h; name = Clock.h; path = ../../Source/Clock.h; sourceTree = "SOURCE_ROOT"; };
		585F7FDB2BD2535E1863DC67 = {isa = PBXFileReference; lastKnownFileType = sourcecode.cpp.cpp; name = FFTInterface.cpp; path = ../../Source/FFTInterface.cpp; sourceTree = "SOURCE_ROOT"; };
		597B34D8A400F75FDC1DBA96 = {isa = PBXFileReference; lastKnownFileType = wrapper.framework; name = QuartzCore.framework; path = System/Library/Frameworks/QuartzCore.framework; sourceTree = SDKROOT; };
		5D75E376B40BC8804FF83C48 = {isa = PBXFileReference; lastKnownFileType = file; name = "juce_gui_extra"; path = "../../JuceLibraryCode/modules/juce_gui_extra"; sourceTree = "SOURCE_ROOT"; };
		699F1C4FA95E2BBF7F4D0C9E = {isa = PBXFileReference; lastKnownFileType = wrapper.framework; name = CoreAudioKit.framework; path = System/Library/Frameworks/CoreAudioKit.framework; sourceTree = SDKROOT; };
		6A53A68459FBF27E40F9C2C7 = {isa = PBXFileReference; lastKnownFileType = sourcecode.c.h; name = FFTInterface.h; path = ../../Source/FFTInterface.h; sourceTree = "SOURCE_ROOT"; };
		6A5644C33E73525BD5A4E54D = {isa = PBXFileReference; lastKnownFileType = sourcecode.cpp.cpp; name = "Display_Logarithmic.cpp"; path = "../../Source/Display_Logarithmic.cpp"; sourceTree = "SOURCE_ROOT"; };
		6C882BBD6366BB5830ED55A9 = {isa = PBXFileReference; lastKnownFileType = file; name = "juce_graphics"; path = "../../JuceLibraryCode/modules/juce_graphics"; sourceTree = "SOURCE_ROOT"; };
		6CFE066841CDF361F40023A0 = {isa = PBXFileReference; lastKnownFileType = wrapper.framework; name = MobileCoreServices.framework; path = System/Library/Frameworks/MobileCoreServices.framework; sourceTree = SDKROOT; };
		6D081D876D3526710E249061 = {isa = PBXFileReference; lastKnownFileType = sourcecode.cpp.cpp; name = "Display_Linear.cpp"; path = "../../Source/Display_Linear.cpp"; sourceTree = "SOURCE_ROOT"; };
		6F0090B6B2CB955A2DE6EA8F = {isa = PBXFileReference; lastKnownFileType = sourcecode.cpp.objcpp; name = "include_juce_video.mm"; path = "../../JuceLibraryCode/include_juce_video.mm"; sourceTree = "SOURCE_ROOT"; };
		77E8D88518547FBD8CE99EEE = {isa = PBXFileReference; lastKnownFileType = sourcecode.cpp.objcpp; name = "include_juce_audio_formats.mm"; path = "../../JuceLibraryCode/include_juce_audio_formats.mm"; sourceTree = "SOURCE_ROOT"; };
		7897B0BE473F85E62AFADA67 = {isa = PBXFileReference; lastKnownFileType = wrapper.framework; name = CoreAudio.framework; path = System/Library/Frameworks/CoreAudio.framework; sourceTree = SDKROOT; };
		7ACE11A629285E8E3F3F4CD7 = {isa = PBXFileReference; lastKnownFileType = wrapper.framework; name = OpenGLES.framework; path = System/Library/Frameworks/OpenGLES.framework; sourceTree = SDKROOT; };
		7CC0CAC8922085E531C6BE43 = {isa = PBXFileReference; lastKnownFileType = file; name = "juce_cryptography"; path = "../../JuceLibraryCode/modules/juce_cryptography"; sourceTree = "SOURCE_ROOT"; };
		7DC44614BCB273D2FE0E40DC = {isa = PBXFileReference; lastKnownFileType = sourcecode.c.h; name = WavesGen.h; path = ../../Source/WavesGen.h; sourceTree = "SOURCE_ROOT"; };
		842015D6348DF421D38DB064 = {isa = PBXFileReference; lastKnownFileType = sourcecode.cpp.cpp; name = PajDFT.cpp; path = ../../Source/PajFFT/PajDFT.cpp; sourceTree = "SOURCE_ROOT"; };
		8A8B091164E1C23241B819D5 = {isa = PBXFileReference; lastKnownFileType = sourcecode.cpp.objcpp; name = "include_juce_events.mm"; path = "../../JuceLibraryCode/include_juce_events.mm"; sourceTree = "SOURCE_ROOT"; };
		8FAACBD2D00D9BE134F444BD = {isa = PBXFileReference; lastKnownFileType = file; name = "juce_opengl"; path = "../../JuceLibraryCode/modules/juce_opengl"; sourceTree = "SOURCE_ROOT"; };
		91F2A19DADF74262BA4834B9 = {isa = PBXFileReference; lastKnownFileType = sourcecode.cpp.cpp; name = AudioPlayer.cpp; path = ../../Source/AudioPlayer.cpp; sourceTree = "SOURCE_ROOT"; };
		973124231563C25B9DE04F4E = {isa = PBXFileReference; lastKnownFileType = sourcecode.cpp.cpp; name = GraphAnalyser.cpp; path = ../../Source/GraphAnalyser.cpp; sourceTree = "SOURCE_ROOT"; };
		97D0647E425D80F311DB0FF8 = {isa = PBXFileReference; lastKnownFileType = sourcecode.cpp.cpp; name = "PajFFT_Radix2.cpp"; path = "../../Source/PajFFT/PajFFT_Radix2.cpp"; sourceTree = "SOURCE_ROOT"; };
		A264711078D0E83D7F687549 = {isa = PBXFileReference; lastKnownFileType = sourcecode.cpp.objcpp; name = "include_juce_cryptography.mm"; path = "../../JuceLibraryCode/include_juce_cryptography.mm"; sourceTree = "SOURCE_ROOT"; };
		A2D1DC0C4B3A85328B82112B = {isa = PBXFileReference; lastKnownFileType = wrapper.framework; name = AVKit.framework; path = System/Library/Frameworks/AVKit.framework; sourceTree = SDKROOT; };
		A4BCAA6ED9DC50C02EBE5217 = {isa = PBXFileReference; lastKnownFileType = sourcecode.c.h; name = GraphAnalyser.h; path = ../../Source/GraphAnalyser.h; sourceTree = "SOURCE_ROOT"; };
		A4CDC4816EE3B808CC81875E = {isa = PBXFileReference; lastKnownFileType = sourcecode.cpp.objcpp; name = "include_juce_audio_basics.mm"; path = "../../JuceLibraryCode/include_juce_audio_basics.mm"; sourceTree = "SOURCE_ROOT"; };
		A61E8E4A9AAC7E8378D2C5DE = {isa = PBXFileReference; lastKnownFileType = sourcecode.cpp.cpp; name = WavesGen.cpp; path = ../../Source/WavesGen.cpp; sourceTree = "SOURCE_ROOT"; };
		A6F3298B51CC27F6BBFFB74A = {isa = PBXFileReference; lastKnownFileType = file; name = "juce_gui_basics"; path = "../../JuceLibraryCode/modules/juce_gui_basics"; sourceTree = "SOURCE_ROOT"; };
		AAE6F79B2A6353A8FCFD19D0 = {isa = PBXFileReference; lastKnownFileType = sourcecode.cpp.cpp; name = Main.cpp; path = ../../Source/Main.cpp; sourceTree = "SOURCE_ROOT"; };
		AC0DC0DE7DB5DC652B4110C7 = {isa = PBXFileReference; lastKnownFileType = wrapper.framework; name = Accelerate.framework; path = System/Library/Frameworks/Accelerate.framework; sourceTree = SDKROOT; };
		AC6D08440E5AA0605DCF3263 = {isa = PBXFileReference; lastKnownFileType = sourcecode.cpp.cpp; name = MainComponent.cpp; path = ../../Source/MainComponent.cpp; sourceTree = "SOURCE_ROOT"; };
		AC951C02ADBB07451CBC13C6 = {isa = PBXFileReference; lastKnownFileType = sourcecode.cpp.objcpp; name = "include_juce_opengl.mm"; path = "../../JuceLibraryCode/include_juce_opengl.mm"; sourceTree = "SOURCE_ROOT"; };
		AEC295D2CCBE1EA8B2D67F03 = {isa = PBXFileReference; lastKnownFileType = wrapper.framework; name = AVFoundation.framework; path = System/Library/Frameworks/AVFoundation.framework; sourceTree = SDKROOT; };
		B1087990B0930FE9286E5F3F = {isa = PBXFileReference; lastKnownFileType = sourcecode.cpp.objcpp; name = "include_juce_core.mm"; path = "../../JuceLibraryCode/include_juce_core.mm"; sourceTree = "SOURCE_ROOT"; };
		B90DFA114A62E1C89AA9F5EB = {isa = PBXFileReference; lastKnownFileType = sourcecode.cpp.cpp; name = CalculateDTFT.cpp; path = ../../Source/CalculateDTFT.cpp; sourceTree = "SOURCE_ROOT"; };
		BBF63809EC332955AB5576D2 = {isa = PBXFileReference; lastKnownFileType = sourcecode.c.h; name = "PajFFT_fRange.h"; path = "../../Source/PajFFT/PajFFT_fRange.h"; sourceTree = "SOURCE_ROOT"; };
		BC6E9B747A46E70DAE479665 = {isa = PBXFileReference; lastKnownFileType = file; name = "juce_audio_formats"; path = "../../JuceLibraryCode/modules/juce_audio_formats"; sourceTree = "SOURCE_ROOT"; };
		C067867018CE46454AD23569 = {isa = PBXFileReference; lastKnownFileType = sourcecode.cpp.objcpp; name = "include_juce_audio_processors.mm"; path = "../../JuceLibraryCode/include_juce_audio_processors.mm"; sourceTree = "SOURCE_ROOT"; };
		C0AAEA98EBFF335C2488FA3A = {isa = PBXFileReference; lastKnownFileType = sourcecode.cpp.cpp; name = "PajFFT_fRange.cpp"; path = "../../Source/PajFFT/PajFFT_fRange.cpp"; sourceTree = "SOURCE_ROOT"; };
		C2CA1309DBD3CB53F02DC963 = {isa = PBXFileReference; lastKnownFileType = file; name = "juce_audio_utils"; path = "../../JuceLibraryCode/modules/juce_audio_utils"; sourceTree = "SOURCE_ROOT"; };
		C6B3DB12AC857ECC2416BD7C = {isa = PBXFileReference; lastKnownFileType = file; name = "juce_audio_devices"; path = "../../JuceLibraryCode/modules/juce_audio_devices"; sourceTree = "SOURCE_ROOT"; };
		C8097AE35C36F5709D3FC35F = {isa = PBXFileReference; lastKnownFileType = wrapper.framework; name = Foundation.framework; path = System/Library/Frameworks/Foundation.framework; sourceTree = SDKROOT; };
		CFE9960C8909267F83706AEB = {isa = PBXFileReference; lastKnownFileType = sourcecode.c.h; name = MainComponent.h; path = ../../Source/MainComponent.h; sourceTree = "SOURCE_ROOT"; };
		D2F0AC93088C6BB4358C5C30 = {isa = PBXFileReference; lastKnownFileType = wrapper.framework; name = CoreMIDI.framework; path = System/Library/Frameworks/CoreMIDI.framework; sourceTree = SDKROOT; };
		D7041F9E0CDB22397A508858 = {isa = PBXFileReference; explicitFileType = wrapper.application; includeInIndex = 0; path = PajFFTproject.app; sourceTree = "BUILT_PRODUCTS_DIR"; };
		DAC55AFF5A313DAE60BDF388 = {isa = PBXFileReference; lastKnownFileType = sourcecode.c.h; name = JuceHeader.h; path = ../../JuceLibraryCode/JuceHeader.h; sourceTree = "SOURCE_ROOT"; };
		DC14102204CEEF14EF7F12D9 = {isa = PBXFileReference; lastKnownFileType = sourcecode.cpp.objcpp; name = "include_juce_gui_basics.mm"; path = "../../JuceLibraryCode/include_juce_gui_basics.mm"; sourceTree = "SOURCE_ROOT"; };
		E58231C933D15AA40B924922 = {isa = PBXFileReference; lastKnownFileType = sourcecode.cpp.objcpp; name = "include_juce_data_structures.mm"; path = "../../JuceLibraryCode/include_juce_data_structures.mm"; sourceTree = "SOURCE_ROOT"; };
		E7B4B9B2178858069315C4EC = {isa = PBXFileReference; lastKnownFileType = sourcecode.cpp.cpp; name = "PajFFT_HandyFunc.cpp"; path = "../../Source/PajFFT/PajFFT_HandyFunc.cpp"; sourceTree = "SOURCE_ROOT"; };
		E7D4B24E3C473FA4F9E3012B = {isa = PBXFileReference; lastKnownFileType = wrapper.framework; name = UIKit.framework; path = System/Library/Frameworks/UIKit.framework; sourceTree = SDKROOT; };
		E8B7E067F3139BA6A944C39B = {isa = PBXFileReference; lastKnownFileType = wrapper.framework; name = CoreGraphics.framework; path = System/Library/Frameworks/CoreGraphics.framework; sourceTree = SDKROOT; };
		EB371E4B37BFDCC6A9D7D9C7 = {isa = PBXFileReference; lastKnownFileType = sourcecode.c.h; name = AppConfig.h; path = ../../JuceLibraryCode/AppConfig.h; sourceTree = "SOURCE_ROOT"; };
		EE40528FAA4FE3D88CFA3363 = {isa = PBXFileReference; lastKnownFileType = sourcecode.c.h; name = "PajFFT_HandyFunc.h"; path = "../../Source/PajFFT/PajFFT_HandyFunc.h"; sourceTree = "SOURCE_ROOT"; };
		F6B38E895559C93504509604 = {isa = PBXFileReference; lastKnownFileType = sourcecode.c.h; name = PajDFT.h; path = ../../Source/PajFFT/PajDFT.h; sourceTree = "SOURCE_ROOT"; };
		FF4DDEAE52D083EF3E3C2C32 = {isa = PBXFileReference; lastKnownFileType = sourcecode.c.h; name = CalculateDTFT.h; path = ../../Source/CalculateDTFT.h; sourceTree = "SOURCE_ROOT"; };
		FFC159A42126B13703153254 = {isa = PBXFileReference; lastKnownFileType = text.plist.xml; name = "Info-App.plist"; path = "Info-App.plist"; sourceTree = "SOURCE_ROOT"; };
		428F06068D6AB99FE66F488C = {isa = PBXGroup; children = (
					842015D6348DF421D38DB064,
					F6B38E895559C93504509604,
					C0AAEA98EBFF335C2488FA3A,
					BBF63809EC332955AB5576D2,
					02E96FA25D442C6C6C0C165C,
					0D44411A9C3A0CE3A676ADD4,
					97D0647E425D80F311DB0FF8,
					0FBC5EBF14293C9DEE8D8644,
					E7B4B9B2178858069315C4EC,
					EE40528FAA4FE3D88CFA3363, ); name = PajFFT; sourceTree = "<group>"; };
		C8EF69AFDED3F71D0F8C0903 = {isa = PBXGroup; children = (
					428F06068D6AB99FE66F488C,
					AAE6F79B2A6353A8FCFD19D0,
					AC6D08440E5AA0605DCF3263,
					CFE9960C8909267F83706AEB,
					585F7FDB2BD2535E1863DC67,
					6A53A68459FBF27E40F9C2C7,
					1B6E0801CAF1D00FD3C230EC,
					07915EB04734A036228251F7,
					A61E8E4A9AAC7E8378D2C5DE,
					7DC44614BCB273D2FE0E40DC,
					91F2A19DADF74262BA4834B9,
					2DFCDE284899D87A8FE10982,
					6A5644C33E73525BD5A4E54D,
					3749D99CCF71CE0C9A099B46,
					6D081D876D3526710E249061,
					0D73B72973D77E34608C1DAE,
					B90DFA114A62E1C89AA9F5EB,
					FF4DDEAE52D083EF3E3C2C32,
					973124231563C25B9DE04F4E,
					A4BCAA6ED9DC50C02EBE5217,
					1B7FD1D37A205CBBB226FC74,
					537305F41243DE1E94DBCF3D, ); name = Source; sourceTree = "<group>"; };
		804B6D468EAC5788986CFE71 = {isa = PBXGroup; children = (
					C8EF69AFDED3F71D0F8C0903, ); name = PajFFTproject; sourceTree = "<group>"; };
		7FAD21511E4EAE2CEC2CF21C = {isa = PBXGroup; children = (
					17E4A87AFA535F15A08D605A,
					C6B3DB12AC857ECC2416BD7C,
					BC6E9B747A46E70DAE479665,
					1B611BAC559E41910E6A7303,
					C2CA1309DBD3CB53F02DC963,
					3664D410FD809A8B7088C87A,
					7CC0CAC8922085E531C6BE43,
					28047876E8EE64CB44E35B63,
					52E60183773732665A08609B,
					6C882BBD6366BB5830ED55A9,
					A6F3298B51CC27F6BBFFB74A,
					5D75E376B40BC8804FF83C48,
					8FAACBD2D00D9BE134F444BD,
					330010D9760EA30709F4FA4C, ); name = "JUCE Modules"; sourceTree = "<group>"; };
		4BF95AD8BA421276467F702D = {isa = PBXGroup; children = (
					EB371E4B37BFDCC6A9D7D9C7,
					A4CDC4816EE3B808CC81875E,
					17EF80DAE02A97C549E2E63C,
					77E8D88518547FBD8CE99EEE,
					C067867018CE46454AD23569,
					32FDAE8049881EBCD5FA3EAA,
					B1087990B0930FE9286E5F3F,
					A264711078D0E83D7F687549,
					E58231C933D15AA40B924922,
					8A8B091164E1C23241B819D5,
					2B6486BA7A382999FE4DF45E,
					DC14102204CEEF14EF7F12D9,
					0D0DF06A432081E847592F2F,
					AC951C02ADBB07451CBC13C6,
					6F0090B6B2CB955A2DE6EA8F,
					DAC55AFF5A313DAE60BDF388, ); name = "JUCE Library Code"; sourceTree = "<group>"; };
		5C1A4F972D7B062D14664348 = {isa = PBXGroup; children = (
					FFC159A42126B13703153254,
					1AE5F1957800972115447787, ); name = Resources; sourceTree = "<group>"; };
		6D547F1359918CD309A94CE2 = {isa = PBXGroup; children = (
					AC0DC0DE7DB5DC652B4110C7,
					31C2A174AAF8F661AFCA14C6,
					AEC295D2CCBE1EA8B2D67F03,
					A2D1DC0C4B3A85328B82112B,
					7897B0BE473F85E62AFADA67,
					699F1C4FA95E2BBF7F4D0C9E,
					E8B7E067F3139BA6A944C39B,
					057AE10A3740053AD4180025,
					269EA3CC7029D13D5AEB2978,
					D2F0AC93088C6BB4358C5C30,
					3232025C5E12A4EA3283D0CF,
					C8097AE35C36F5709D3FC35F,
					6CFE066841CDF361F40023A0,
					7ACE11A629285E8E3F3F4CD7,
					597B34D8A400F75FDC1DBA96,
					E7D4B24E3C473FA4F9E3012B, ); name = Frameworks; sourceTree = "<group>"; };
		0E5D277F06C2F78F892F2234 = {isa = PBXGroup; children = (
					D7041F9E0CDB22397A508858, ); name = Products; sourceTree = "<group>"; };
		F57C87D2400D52395F646A86 = {isa = PBXGroup; children = (
					804B6D468EAC5788986CFE71,
					7FAD21511E4EAE2CEC2CF21C,
					4BF95AD8BA421276467F702D,
					5C1A4F972D7B062D14664348,
					6D547F1359918CD309A94CE2,
					0E5D277F06C2F78F892F2234, ); name = Source; sourceTree = "<group>"; };
		4925677961D8F654C1A45F94 = {isa = XCBuildConfiguration; buildSettings = {
				ASSETCATALOG_COMPILER_APPICON_NAME = AppIcon;
				ASSETCATALOG_COMPILER_LAUNCHIMAGE_NAME = LaunchImage;
				CLANG_CXX_LANGUAGE_STANDARD = "c++14";
				CLANG_CXX_LIBRARY = "libc++";
				CLANG_LINK_OBJC_RUNTIME = NO;
				COMBINE_HIDPI_IMAGES = YES;
				CONFIGURATION_BUILD_DIR = "$(PROJECT_DIR)/build/$(CONFIGURATION)";
				COPY_PHASE_STRIP = NO;
				GCC_DYNAMIC_NO_PIC = NO;
				GCC_OPTIMIZATION_LEVEL = 0;
				GCC_PREPROCESSOR_DEFINITIONS = (
					"_DEBUG=1",
					"DEBUG=1",
					"JUCER_XCODE_IPHONE_5BC26AE3=1",
					"JUCE_APP_VERSION=1.0.0",
					"JUCE_APP_VERSION_HEX=0x10000",
					"JucePlugin_Build_VST=0",
					"JucePlugin_Build_VST3=0",
					"JucePlugin_Build_AU=0",
					"JucePlugin_Build_AUv3=0",
					"JucePlugin_Build_RTAS=0",
					"JucePlugin_Build_AAX=0",
					"JucePlugin_Build_Standalone=0", );
				GCC_VERSION = com.apple.compilers.llvm.clang.1_0;
				HEADER_SEARCH_PATHS = ("../../JuceLibraryCode", "../../JuceLibraryCode/modules", "$(inherited)");
				INFOPLIST_FILE = Info-App.plist;
				INFOPLIST_PREPROCESS = NO;
				INSTALL_PATH = "$(HOME)/Applications";
				PRODUCT_BUNDLE_IDENTIFIER = com.pajczurcompany.PajFFTproject;
				USE_HEADERMAP = NO; }; name = Debug; };
		CFD83EE40F70B106831D6DB2 = {isa = XCBuildConfiguration; buildSettings = {
				ASSETCATALOG_COMPILER_APPICON_NAME = AppIcon;
				ASSETCATALOG_COMPILER_LAUNCHIMAGE_NAME = LaunchImage;
				CLANG_CXX_LANGUAGE_STANDARD = "c++14";
				CLANG_CXX_LIBRARY = "libc++";
				CLANG_LINK_OBJC_RUNTIME = NO;
				COMBINE_HIDPI_IMAGES = YES;
				CONFIGURATION_BUILD_DIR = "$(PROJECT_DIR)/build/$(CONFIGURATION)";
				DEAD_CODE_STRIPPING = YES;
				GCC_GENERATE_DEBUGGING_SYMBOLS = NO;
				GCC_OPTIMIZATION_LEVEL = 3;
				GCC_PREPROCESSOR_DEFINITIONS = (
					"_NDEBUG=1",
					"NDEBUG=1",
					"JUCER_XCODE_IPHONE_5BC26AE3=1",
					"JUCE_APP_VERSION=1.0.0",
					"JUCE_APP_VERSION_HEX=0x10000",
					"JucePlugin_Build_VST=0",
					"JucePlugin_Build_VST3=0",
					"JucePlugin_Build_AU=0",
					"JucePlugin_Build_AUv3=0",
					"JucePlugin_Build_RTAS=0",
					"JucePlugin_Build_AAX=0",
					"JucePlugin_Build_Standalone=0", );
				GCC_SYMBOLS_PRIVATE_EXTERN = YES;
				GCC_VERSION = com.apple.compilers.llvm.clang.1_0;
				HEADER_SEARCH_PATHS = ("../../JuceLibraryCode", "../../JuceLibraryCode/modules", "$(inherited)");
				INFOPLIST_FILE = Info-App.plist;
				INFOPLIST_PREPROCESS = NO;
				INSTALL_PATH = "$(HOME)/Applications";
				LLVM_LTO = YES;
				PRODUCT_BUNDLE_IDENTIFIER = com.pajczurcompany.PajFFTproject;
				USE_HEADERMAP = NO; }; name = Release; };
		12F75369F653E3E6A5C90D81 = {isa = XCBuildConfiguration; buildSettings = {
				"CODE_SIGN_IDENTITY[sdk=iphoneos*]" = "iPhone Developer";
				ALWAYS_SEARCH_USER_PATHS = NO;
				CLANG_WARN_BLOCK_CAPTURE_AUTORELEASING = YES;
				CLANG_WARN_BOOL_CONVERSION = YES;
				CLANG_WARN_COMMA = YES;
				CLANG_WARN_CONSTANT_CONVERSION = YES;
				CLANG_WARN_EMPTY_BODY = YES;
				CLANG_WARN_ENUM_CONVERSION = YES;
				CLANG_WARN_INFINITE_RECURSION = YES;
				CLANG_WARN_INT_CONVERSION = YES;
				CLANG_WARN_NON_LITERAL_NULL_CONVERSION = YES;
				CLANG_WARN_OBJC_LITERAL_CONVERSION = YES;
				CLANG_WARN_RANGE_LOOP_ANALYSIS = YES;
				CLANG_WARN_STRICT_PROTOTYPES = YES;
				CLANG_WARN_SUSPICIOUS_MOVE = YES;
				CLANG_WARN_UNREACHABLE_CODE = YES;
				CLANG_WARN__DUPLICATE_METHOD_MATCH = YES;
				DEBUG_INFORMATION_FORMAT = "dwarf";
				ENABLE_STRICT_OBJC_MSGSEND = YES;
				ENABLE_TESTABILITY = YES;
				GCC_C_LANGUAGE_STANDARD = c11;
				GCC_INLINES_ARE_PRIVATE_EXTERN = YES;
				GCC_MODEL_TUNING = G5;
				GCC_NO_COMMON_BLOCKS = YES;
				GCC_WARN_64_TO_32_BIT_CONVERSION = YES;
				GCC_WARN_ABOUT_RETURN_TYPE = YES;
				GCC_WARN_CHECK_SWITCH_STATEMENTS = YES;
				GCC_WARN_MISSING_PARENTHESES = YES;
				GCC_WARN_NON_VIRTUAL_DESTRUCTOR = YES;
				GCC_WARN_TYPECHECK_CALLS_TO_PRINTF = YES;
				GCC_WARN_UNDECLARED_SELECTOR = YES;
				GCC_WARN_UNINITIALIZED_AUTOS = YES;
				GCC_WARN_UNUSED_FUNCTION = YES;
				GCC_WARN_UNUSED_VARIABLE = YES;
				IPHONEOS_DEPLOYMENT_TARGET = 9.3;
				ONLY_ACTIVE_ARCH = YES;
				PRODUCT_NAME = "PajFFTproject";
				SDKROOT = iphoneos;
				TARGETED_DEVICE_FAMILY = "1,2";
				WARNING_CFLAGS = -Wreorder;
				ZERO_LINK = NO; }; name = Debug; };
		C948530833E6C6D3BD50A7DF = {isa = XCBuildConfiguration; buildSettings = {
				"CODE_SIGN_IDENTITY[sdk=iphoneos*]" = "iPhone Developer";
				ALWAYS_SEARCH_USER_PATHS = NO;
				CLANG_WARN_BLOCK_CAPTURE_AUTORELEASING = YES;
				CLANG_WARN_BOOL_CONVERSION = YES;
				CLANG_WARN_COMMA = YES;
				CLANG_WARN_CONSTANT_CONVERSION = YES;
				CLANG_WARN_EMPTY_BODY = YES;
				CLANG_WARN_ENUM_CONVERSION = YES;
				CLANG_WARN_INFINITE_RECURSION = YES;
				CLANG_WARN_INT_CONVERSION = YES;
				CLANG_WARN_NON_LITERAL_NULL_CONVERSION = YES;
				CLANG_WARN_OBJC_LITERAL_CONVERSION = YES;
				CLANG_WARN_RANGE_LOOP_ANALYSIS = YES;
				CLANG_WARN_STRICT_PROTOTYPES = YES;
				CLANG_WARN_SUSPICIOUS_MOVE = YES;
				CLANG_WARN_UNREACHABLE_CODE = YES;
				CLANG_WARN__DUPLICATE_METHOD_MATCH = YES;
				DEBUG_INFORMATION_FORMAT = "dwarf";
				ENABLE_STRICT_OBJC_MSGSEND = YES;
				GCC_C_LANGUAGE_STANDARD = c11;
				GCC_INLINES_ARE_PRIVATE_EXTERN = YES;
				GCC_MODEL_TUNING = G5;
				GCC_NO_COMMON_BLOCKS = YES;
				GCC_WARN_64_TO_32_BIT_CONVERSION = YES;
				GCC_WARN_ABOUT_RETURN_TYPE = YES;
				GCC_WARN_CHECK_SWITCH_STATEMENTS = YES;
				GCC_WARN_MISSING_PARENTHESES = YES;
				GCC_WARN_NON_VIRTUAL_DESTRUCTOR = YES;
				GCC_WARN_TYPECHECK_CALLS_TO_PRINTF = YES;
				GCC_WARN_UNDECLARED_SELECTOR = YES;
				GCC_WARN_UNINITIALIZED_AUTOS = YES;
				GCC_WARN_UNUSED_FUNCTION = YES;
				GCC_WARN_UNUSED_VARIABLE = YES;
				IPHONEOS_DEPLOYMENT_TARGET = 9.3;
				PRODUCT_NAME = "PajFFTproject";
				SDKROOT = iphoneos;
				TARGETED_DEVICE_FAMILY = "1,2";
				WARNING_CFLAGS = -Wreorder;
				ZERO_LINK = NO; }; name = Release; };
		388BF67180FE4E7797D686C6 = {isa = PBXTargetDependency; target = EC5B01C6C790FCB57C8CA26E; };
		FAC6D3E92181BDFB861E0AB9 = {isa = XCConfigurationList; buildConfigurations = (
					12F75369F653E3E6A5C90D81,
					C948530833E6C6D3BD50A7DF, ); defaultConfigurationIsVisible = 0; defaultConfigurationName = Debug; };
		BFE95541F4425E34207DE026 = {isa = XCConfigurationList; buildConfigurations = (
					4925677961D8F654C1A45F94,
					CFD83EE40F70B106831D6DB2, ); defaultConfigurationIsVisible = 0; defaultConfigurationName = Debug; };
		BABA1C79DA761D949897ADC6 = {isa = PBXResourcesBuildPhase; buildActionMask = 2147483647; files = (
					D6CB5B446291C4864B4F68BD, ); runOnlyForDeploymentPostprocessing = 0; };
		8514601C5BB1E702CCA835D4 = {isa = PBXSourcesBuildPhase; buildActionMask = 2147483647; files = (
					E3E686E6AED3E1229F5A017C,
					E13CEC1048837E3532B04E1E,
					1C4B9F76E2A0085D3B571869,
					6B92C1049DDA8C40D918A5A8,
					1E38AA3346F3E7DE5CA9FF3B,
					44F47A6D8AD27F2061585CFE,
					E190EEEA34B97E179770C642,
					A86CB56F670DE1090DF2D530,
					036C34C62CC96B082C6B7001,
					A69FE104265D66E876C3A3E4,
					631E8BEB0B81C13958464EB5,
					1CE314EAD4206C669D36463A,
					E8A0914755147AA833B295CB,
					D9993EC2D445D00FDB5F3D42,
					BBD6AAC89F79054615D496AD,
					D2EE5090F4EC45183ADC918C,
					68D1E318EE81FBC38DA0035E,
					EEF25C40AC0D5422F4B93DA1,
					3D34794985593D7DA53CB31D,
					1F31F519160631E9D391AB52,
					272DCFA7F57A4FA1B6766641,
					074FD93632F17A42383D9D39,
					B40055468E72B9F737AFA489,
					7E6B13D543ED3C9DA8E16417,
					51E16648A88A475A7DD8CBCE,
					B5AACF594BB2B901CA2680CC,
					087A2984A5151302215AB920,
					4F1072F98B5B4E34DD2000E1,
					27314EA232B7C59EABE669BB,
					C0A25FCE80834BF1B8D01DCF, ); runOnlyForDeploymentPostprocessing = 0; };
		07826A815CC80340B96D1548 = {isa = PBXFrameworksBuildPhase; buildActionMask = 2147483647; files = (
					DCC32726CF4165AEE26C58FE,
					CBB3573C7BDF20DAA35437C7,
					DBDD4171575E4AE56B6AFCBC,
					285B08F72A6D18B8230B5FE1,
					DA9584CAC4107DCFD311EC9E,
					43563E032CC1DB617BB06AAB,
					40E503E2BDAC295A4FA5A7C4,
					9458BC46FCB7A6C96BB7244D,
					62DCF32C7E7C7B9C5C70813C,
					5C6B428519C8BBFED707D0BC,
					E883C4D8CA532784BACF6578,
					4AC07BAB050741BF0A714B6F,
					DA3AB3F31CC6B72D772AF45D,
					40A25922FA5DD364342BFFFF,
					D1A3E6BA76DDF3E6E9B307B6,
					AA7CFF300AED99DFBFEBB2B3, ); runOnlyForDeploymentPostprocessing = 0; };
		EC5B01C6C790FCB57C8CA26E = {isa = PBXNativeTarget; buildConfigurationList = BFE95541F4425E34207DE026; buildPhases = (
					BABA1C79DA761D949897ADC6,
					8514601C5BB1E702CCA835D4,
					07826A815CC80340B96D1548, ); buildRules = ( ); dependencies = (  ); name = "PajFFTproject - App"; productName = PajFFTproject; productReference = D7041F9E0CDB22397A508858; productType = "com.apple.product-type.application"; };
		C96A163BEF67E219A4570295 = {isa = PBXProject; buildConfigurationList = FAC6D3E92181BDFB861E0AB9; attributes = { LastUpgradeCheck = 0930; ORGANIZATIONNAME = "Pajczur Company"; TargetAttributes = { EC5B01C6C790FCB57C8CA26E = { SystemCapabilities = {com.apple.ApplicationGroups.iOS = { enabled = 0; }; com.apple.InAppPurchase = { enabled = 0; }; com.apple.InterAppAudio = { enabled = 0; }; com.apple.Push = { enabled = 0; }; com.apple.Sandbox = { enabled = 0; }; }; }; }; }; compatibilityVersion = "Xcode 3.2"; hasScannedForEncodings = 0; mainGroup = F57C87D2400D52395F646A86; projectDirPath = ""; projectRoot = ""; targets = (EC5B01C6C790FCB57C8CA26E); };
	};
	rootObject = C96A163BEF67E219A4570295;
}
